// !$*UTF8*$!
{
	archiveVersion = 1;
	classes = {
	};
	objectVersion = 56;
	objects = {

/* Begin PBXBuildFile section */
		1192B4E07CB73CE52B73397A /* NetworkExtension.framework in Frameworks */ = {isa = PBXBuildFile; fileRef = B10040 /* NetworkExtension.framework */; };
		229817DC4FF5F4C1B505EA5B /* FirebaseCore in Frameworks */ = {isa = PBXBuildFile; productRef = 1C7E7C8B9AB9C840397D6E5B /* FirebaseCore */; };
		285CADD9EA77AC7AFB8A182A /* FirebaseCrashlytics in Frameworks */ = {isa = PBXBuildFile; productRef = 2C3845EF76797DFD11D5207E /* FirebaseCrashlytics */; };
		2A9F49803B8561D4A2C5D511 /* NodeStore.swift in Sources */ = {isa = PBXBuildFile; fileRef = 1A053B0CAFA2320C22F74E32 /* NodeStore.swift */; };
		3E65786BB4F981795EAD07A4 /* SingBoxConfigBuilder.swift in Sources */ = {isa = PBXBuildFile; fileRef = 24746F60D9BCB5E2C09BF975 /* SingBoxConfigBuilder.swift */; };
		435DBE74940678C57AF2E624 /* RoutingManager.swift in Sources */ = {isa = PBXBuildFile; fileRef = 8B482F938736B7D098B3302B /* RoutingManager.swift */; };
		45FA5D0C3EA6EE814F43E891 /* HomeView.swift in Sources */ = {isa = PBXBuildFile; fileRef = B10002 /* HomeView.swift */; };
		489D78A7BFE5597B42E4C447 /* TrafficView.swift in Sources */ = {isa = PBXBuildFile; fileRef = B10003 /* TrafficView.swift */; };
		4EF53DE64A844C44957E6CBA /* MiniWindowView.swift in Sources */ = {isa = PBXBuildFile; fileRef = 18B6FC00DFD84EA5B51CDF28 /* MiniWindowView.swift */; };
		599CCDA2D5B238AF73EDF62D /* Yams in Frameworks */ = {isa = PBXBuildFile; productRef = 26E740A797906E5C84A95212 /* Yams */; };
		5ED3E2049A8B41ADEA39E760 /* SwellConnectionsView.swift in Sources */ = {isa = PBXBuildFile; fileRef = 5482672E28D06A938A6730B9 /* SwellConnectionsView.swift */; };
		5F1DE7E22A0EE243182E400A /* AboutView.swift in Sources */ = {isa = PBXBuildFile; fileRef = B10006 /* AboutView.swift */; };
		6A3F8B2C7D1E4A059C82E0F1 /* YAMLHighlighter.swift in Sources */ = {isa = PBXBuildFile; fileRef = B10053 /* YAMLHighlighter.swift */; };
		6C6100A910718708581677C4 /* RequestsModel.swift in Sources */ = {isa = PBXBuildFile; fileRef = 5ACB2E6DD53E60FE336E02EA /* RequestsModel.swift */; };
		7D0DED107502CFFD6FA1D952 /* SettingsView.swift in Sources */ = {isa = PBXBuildFile; fileRef = B10050 /* SettingsView.swift */; };
		7D3827AF90B09E5671AD2E4B /* SwellServersView.swift in Sources */ = {isa = PBXBuildFile; fileRef = 8FBB3E7758661ED0BFD20F0B /* SwellServersView.swift */; };
		7DA7B7C834303668AFEA095A /* RoutingRulesView.swift in Sources */ = {isa = PBXBuildFile; fileRef = 87D1F51F0E0EA4FB47116C15 /* RoutingRulesView.swift */; };
		7DFC41530980AED403A5B0F1 /* RequestsView.swift in Sources */ = {isa = PBXBuildFile; fileRef = 3E74C7B348318AF51B7A8447 /* RequestsView.swift */; };
		8D9BF44D7D340ADB5C09AEF9 /* VPNManager.swift in Sources */ = {isa = PBXBuildFile; fileRef = B10009 /* VPNManager.swift */; };
		9161E23D345558ED5649452F /* Assets.xcassets in Resources */ = {isa = PBXBuildFile; fileRef = B10010 /* Assets.xcassets */; };
		9B97CB6340BCD94E7A9B2483 /* ServerConfig.swift in Sources */ = {isa = PBXBuildFile; fileRef = FB4EA83E008CADD33B1EA399 /* ServerConfig.swift */; };
		A1B2C3D4E5F60718293A4B5C /* PerAppProxySettings.swift in Sources */ = {isa = PBXBuildFile; fileRef = B10095 /* PerAppProxySettings.swift */; };
		A1B2C3D4E5F60718293A4B5E /* PerAppProxySection.swift in Sources */ = {isa = PBXBuildFile; fileRef = B10096 /* PerAppProxySection.swift */; };
		A9840B29BC5EC55F29F0BA38 /* TrafficStore.swift in Sources */ = {isa = PBXBuildFile; fileRef = B10060 /* TrafficStore.swift */; };
		AC0B915E8C1239813ABF4AB7 /* TunnelLogView.swift in Sources */ = {isa = PBXBuildFile; fileRef = B10035 /* TunnelLogView.swift */; };
		B10063 /* MihomoAPI.swift in Sources */ = {isa = PBXBuildFile; fileRef = B10062 /* MihomoAPI.swift */; };
		B10064 /* ProxiesResult.swift in Sources */ = {isa = PBXBuildFile; fileRef = B10210 /* ProxiesResult.swift */; };
		B10065 /* ProxyGroupsViewModel.swift in Sources */ = {isa = PBXBuildFile; fileRef = B10211 /* ProxyGroupsViewModel.swift */; };
		B10067 /* ConnectionsView.swift in Sources */ = {isa = PBXBuildFile; fileRef = B10066 /* ConnectionsView.swift */; };
		B10071 /* ProxyGroupsSection.swift in Sources */ = {isa = PBXBuildFile; fileRef = B10212 /* ProxyGroupsSection.swift */; };
		B10201 /* SubscriptionModels.swift in Sources */ = {isa = PBXBuildFile; fileRef = B10200 /* SubscriptionModels.swift */; };
		B10203 /* NodeRow.swift in Sources */ = {isa = PBXBuildFile; fileRef = B10202 /* NodeRow.swift */; };
		B10205 /* MainContentView.swift in Sources */ = {isa = PBXBuildFile; fileRef = B10204 /* MainContentView.swift */; };
		B10207 /* SidebarView.swift in Sources */ = {isa = PBXBuildFile; fileRef = B10206 /* SidebarView.swift */; };
		B10209 /* VPNToolbarContent.swift in Sources */ = {isa = PBXBuildFile; fileRef = B10208 /* VPNToolbarContent.swift */; };
		C3DAB7AB1483CF34E41BAAFB /* AppLogger.swift in Sources */ = {isa = PBXBuildFile; fileRef = B10090 /* AppLogger.swift */; };
		C715B3A41E6034141A9329BE /* SingBoxCore.xcframework in Frameworks */ = {isa = PBXBuildFile; fileRef = B10030 /* SingBoxCore.xcframework */; };
		C88D907757716C4C6DF1F8C2 /* ThemeTransitionManager.swift in Sources */ = {isa = PBXBuildFile; fileRef = BC66D0E2316E3C0B3B4A74B8 /* ThemeTransitionManager.swift */; };
		D07947F177D3B6FC32BDEF93 /* AddNodeView.swift in Sources */ = {isa = PBXBuildFile; fileRef = 9F9E00BA0A087B37991EB77E /* AddNodeView.swift */; };
		D28CFAAD4562ECF087671BE7 /* Constants.swift in Sources */ = {isa = PBXBuildFile; fileRef = B10007 /* Constants.swift */; };
		DFE148A5A01ECFEC5A64770A /* FirebaseAnalytics in Frameworks */ = {isa = PBXBuildFile; productRef = BD949DF6CA3380988A939F26 /* FirebaseAnalytics */; };
		DFFA836A5DFCC6D3BFF95EB6 /* BaoLianDengApp.swift in Sources */ = {isa = PBXBuildFile; fileRef = B10001 /* BaoLianDengApp.swift */; };
		F6951B7026A9ABC83EB7A583 /* Cocoa.framework in Frameworks */ = {isa = PBXBuildFile; fileRef = 4E02415D2E45FB235C0EF142 /* Cocoa.framework */; };
		FDA9523FABA04D4E8D647155 /* NodeRowView.swift in Sources */ = {isa = PBXBuildFile; fileRef = AF3641A3BFF4C93539B54A76 /* NodeRowView.swift */; };
		FFAF71BAEDB8197098F83E5F /* ImportNodeView.swift in Sources */ = {isa = PBXBuildFile; fileRef = 4E8A9C81E0F7C6C4598F8E10 /* ImportNodeView.swift */; };
		L10100 /* Localizable.xcstrings in Resources */ = {isa = PBXBuildFile; fileRef = B10100 /* Localizable.xcstrings */; };
		L10101 /* InfoPlist.xcstrings in Resources */ = {isa = PBXBuildFile; fileRef = B10101 /* InfoPlist.xcstrings */; };
		T10008 /* PerAppProxySettingsTests.swift in Sources */ = {isa = PBXBuildFile; fileRef = T10007 /* PerAppProxySettingsTests.swift */; };
		T10022 /* BypassGroupDetectionTests.swift in Sources */ = {isa = PBXBuildFile; fileRef = T10021 /* BypassGroupDetectionTests.swift */; };
		T10031 /* ConfigParserTests.swift in Sources */ = {isa = PBXBuildFile; fileRef = T10030 /* ConfigParserTests.swift */; };
		T10033 /* SingBoxCoreIntegrationTests.swift in Sources */ = {isa = PBXBuildFile; fileRef = T10032 /* SingBoxCoreIntegrationTests.swift */; };
		T10035 /* MihomoAPITests.swift in Sources */ = {isa = PBXBuildFile; fileRef = T10034 /* MihomoAPITests.swift */; };
		T10041 /* ProxyEngineIntegrationTests.swift in Sources */ = {isa = PBXBuildFile; fileRef = T10040 /* ProxyEngineIntegrationTests.swift */; };
		T10045 /* TestConfigs.swift in Sources */ = {isa = PBXBuildFile; fileRef = T10044 /* TestConfigs.swift */; };
		T10047 /* ProxyEngineHelper.swift in Sources */ = {isa = PBXBuildFile; fileRef = T10046 /* ProxyEngineHelper.swift */; };
/* End PBXBuildFile section */

/* Begin PBXContainerItemProxy section */
		1536C2A90777E05354ED602F /* PBXContainerItemProxy */ = {
			isa = PBXContainerItemProxy;
			containerPortal = E10001 /* Project object */;
			proxyType = 1;
			remoteGlobalIDString = 037A5AF56A256698DCED8763;
			remoteInfo = TransparentProxy;
		};
		T10011 /* PBXContainerItemProxy */ = {
			isa = PBXContainerItemProxy;
			containerPortal = E10001 /* Project object */;
			proxyType = 1;
			remoteGlobalIDString = F66874266FF58B2DD8903C6E;
			remoteInfo = BaoLianDeng;
		};
/* End PBXContainerItemProxy section */

/* Begin PBXFileReference section */
		18B6FC00DFD84EA5B51CDF28 /* MiniWindowView.swift */ = {isa = PBXFileReference; lastKnownFileType = sourcecode.swift; path = MiniWindowView.swift; sourceTree = "<group>"; };
		1A053B0CAFA2320C22F74E32 /* NodeStore.swift */ = {isa = PBXFileReference; includeInIndex = 1; lastKnownFileType = sourcecode.swift; path = NodeStore.swift; sourceTree = "<group>"; };
		24746F60D9BCB5E2C09BF975 /* SingBoxConfigBuilder.swift */ = {isa = PBXFileReference; includeInIndex = 1; lastKnownFileType = sourcecode.swift; path = SingBoxConfigBuilder.swift; sourceTree = "<group>"; };
		259DB0A8D1BC3A31D635256A /* TransparentProxy.systemextension */ = {isa = PBXFileReference; explicitFileType = "wrapper.system-extension"; includeInIndex = 0; path = TransparentProxy.systemextension; sourceTree = BUILT_PRODUCTS_DIR; };
		3660E3957E409F6E69CD6A05 /* RoutingManager.swift */ = {isa = PBXFileReference; includeInIndex = 1; lastKnownFileType = sourcecode.swift; path = RoutingManager.swift; sourceTree = "<group>"; };
		3E74C7B348318AF51B7A8447 /* RequestsView.swift */ = {isa = PBXFileReference; includeInIndex = 1; lastKnownFileType = sourcecode.swift; path = RequestsView.swift; sourceTree = "<group>"; };
		3EC2CD2C4EA8ACFC6C1F5B82 /* RoutingRulesView.swift */ = {isa = PBXFileReference; includeInIndex = 1; lastKnownFileType = sourcecode.swift; path = RoutingRulesView.swift; sourceTree = "<group>"; };
		4E02415D2E45FB235C0EF142 /* Cocoa.framework */ = {isa = PBXFileReference; lastKnownFileType = wrapper.framework; name = Cocoa.framework; path = Platforms/MacOSX.platform/Developer/SDKs/MacOSX15.0.sdk/System/Library/Frameworks/Cocoa.framework; sourceTree = DEVELOPER_DIR; };
		4E8A9C81E0F7C6C4598F8E10 /* ImportNodeView.swift */ = {isa = PBXFileReference; includeInIndex = 1; lastKnownFileType = sourcecode.swift; path = ImportNodeView.swift; sourceTree = "<group>"; };
		5482672E28D06A938A6730B9 /* SwellConnectionsView.swift */ = {isa = PBXFileReference; includeInIndex = 1; lastKnownFileType = sourcecode.swift; path = SwellConnectionsView.swift; sourceTree = "<group>"; };
		5ACB2E6DD53E60FE336E02EA /* RequestsModel.swift */ = {isa = PBXFileReference; includeInIndex = 1; lastKnownFileType = sourcecode.swift; path = RequestsModel.swift; sourceTree = "<group>"; };
		720E19EEF39E6C95A95649DA /* TransparentProxyMac.entitlements */ = {isa = PBXFileReference; includeInIndex = 1; lastKnownFileType = text.plist.entitlements; path = TransparentProxyMac.entitlements; sourceTree = "<group>"; };
		809DB4CA51000087EE0949AF /* Info.plist */ = {isa = PBXFileReference; includeInIndex = 1; lastKnownFileType = text.plist.xml; path = Info.plist; sourceTree = "<group>"; };
		87D1F51F0E0EA4FB47116C15 /* RoutingRulesView.swift */ = {isa = PBXFileReference; includeInIndex = 1; lastKnownFileType = sourcecode.swift; name = RoutingRulesView.swift; path = RoutingRulesView.swift; sourceTree = "<group>"; };
		881BF3538A657F9F7F3951E8 /* main.swift */ = {isa = PBXFileReference; includeInIndex = 1; lastKnownFileType = sourcecode.swift; name = main.swift; path = TransparentProxyMac/main.swift; sourceTree = "<group>"; };
		8A37D4B4A6176DB152B15D42 /* BaoLianDeng.app */ = {isa = PBXFileReference; explicitFileType = wrapper.application; includeInIndex = 0; path = BaoLianDeng.app; sourceTree = BUILT_PRODUCTS_DIR; };
		8B482F938736B7D098B3302B /* RoutingManager.swift */ = {isa = PBXFileReference; includeInIndex = 1; lastKnownFileType = sourcecode.swift; name = RoutingManager.swift; path = RoutingManager.swift; sourceTree = "<group>"; };
		8FBB3E7758661ED0BFD20F0B /* SwellServersView.swift */ = {isa = PBXFileReference; includeInIndex = 1; lastKnownFileType = sourcecode.swift; path = SwellServersView.swift; sourceTree = "<group>"; };
		9677D8DCB6006F09D5E716D6 /* SystemExtensions.framework */ = {isa = PBXFileReference; lastKnownFileType = wrapper.framework; name = SystemExtensions.framework; path = System/Library/Frameworks/SystemExtensions.framework; sourceTree = SDKROOT; };
		9F9E00BA0A087B37991EB77E /* AddNodeView.swift */ = {isa = PBXFileReference; includeInIndex = 1; lastKnownFileType = sourcecode.swift; path = AddNodeView.swift; sourceTree = "<group>"; };
		AF3641A3BFF4C93539B54A76 /* NodeRowView.swift */ = {isa = PBXFileReference; includeInIndex = 1; lastKnownFileType = sourcecode.swift; path = NodeRowView.swift; sourceTree = "<group>"; };
		B10001 /* BaoLianDengApp.swift */ = {isa = PBXFileReference; lastKnownFileType = sourcecode.swift; path = BaoLianDengApp.swift; sourceTree = "<group>"; };
		B10002 /* HomeView.swift */ = {isa = PBXFileReference; lastKnownFileType = sourcecode.swift; path = HomeView.swift; sourceTree = "<group>"; };
		B10003 /* TrafficView.swift */ = {isa = PBXFileReference; lastKnownFileType = sourcecode.swift; path = TrafficView.swift; sourceTree = "<group>"; };
		B10004 /* ConfigEditorView.swift */ = {isa = PBXFileReference; lastKnownFileType = sourcecode.swift; path = ConfigEditorView.swift; sourceTree = "<group>"; };
		B10006 /* AboutView.swift */ = {isa = PBXFileReference; lastKnownFileType = sourcecode.swift; path = AboutView.swift; sourceTree = "<group>"; };
		B10007 /* Constants.swift */ = {isa = PBXFileReference; lastKnownFileType = sourcecode.swift; path = Constants.swift; sourceTree = "<group>"; };
		B10008 /* ConfigManager.swift */ = {isa = PBXFileReference; lastKnownFileType = sourcecode.swift; path = ConfigManager.swift; sourceTree = "<group>"; };
		B10009 /* VPNManager.swift */ = {isa = PBXFileReference; lastKnownFileType = sourcecode.swift; path = VPNManager.swift; sourceTree = "<group>"; };
		B10010 /* Assets.xcassets */ = {isa = PBXFileReference; lastKnownFileType = folder.assetcatalog; path = Assets.xcassets; sourceTree = "<group>"; };
		B10011 /* Info.plist */ = {isa = PBXFileReference; lastKnownFileType = text.plist.xml; path = Info.plist; sourceTree = "<group>"; };
		B10012 /* BaoLianDeng.entitlements */ = {isa = PBXFileReference; lastKnownFileType = text.plist.entitlements; path = BaoLianDeng.entitlements; sourceTree = "<group>"; };
		B10020 /* TransparentProxyProvider.swift */ = {isa = PBXFileReference; lastKnownFileType = sourcecode.swift; path = TransparentProxyProvider.swift; sourceTree = "<group>"; };
		B10021 /* UDPNATRelay.swift */ = {isa = PBXFileReference; lastKnownFileType = sourcecode.swift; path = UDPNATRelay.swift; sourceTree = "<group>"; };
		B10030 /* SingBoxCore.xcframework */ = {isa = PBXFileReference; lastKnownFileType = wrapper.xcframework; path = SingBoxCore.xcframework; sourceTree = "<group>"; };
		B10035 /* TunnelLogView.swift */ = {isa = PBXFileReference; lastKnownFileType = sourcecode.swift; path = TunnelLogView.swift; sourceTree = "<group>"; };
		B10040 /* NetworkExtension.framework */ = {isa = PBXFileReference; lastKnownFileType = wrapper.framework; name = NetworkExtension.framework; path = System/Library/Frameworks/NetworkExtension.framework; sourceTree = SDKROOT; };
		B10050 /* SettingsView.swift */ = {isa = PBXFileReference; lastKnownFileType = sourcecode.swift; path = SettingsView.swift; sourceTree = "<group>"; };
		B10051 /* YAMLEditor.swift */ = {isa = PBXFileReference; lastKnownFileType = sourcecode.swift; path = YAMLEditor.swift; sourceTree = "<group>"; };
		B10053 /* YAMLHighlighter.swift */ = {isa = PBXFileReference; lastKnownFileType = sourcecode.swift; path = YAMLHighlighter.swift; sourceTree = "<group>"; };
		B10060 /* TrafficStore.swift */ = {isa = PBXFileReference; lastKnownFileType = sourcecode.swift; path = TrafficStore.swift; sourceTree = "<group>"; };
		B10062 /* MihomoAPI.swift */ = {isa = PBXFileReference; lastKnownFileType = sourcecode.swift; path = MihomoAPI.swift; sourceTree = "<group>"; };
		B10066 /* ConnectionsView.swift */ = {isa = PBXFileReference; lastKnownFileType = sourcecode.swift; path = ConnectionsView.swift; sourceTree = "<group>"; };
		B10068 /* DiagnosticsView.swift */ = {isa = PBXFileReference; lastKnownFileType = sourcecode.swift; path = DiagnosticsView.swift; sourceTree = "<group>"; };
		B10070 /* Local.xcconfig */ = {isa = PBXFileReference; lastKnownFileType = text.xcconfig; path = Local.xcconfig; sourceTree = "<group>"; };
		B10090 /* AppLogger.swift */ = {isa = PBXFileReference; lastKnownFileType = sourcecode.swift; path = AppLogger.swift; sourceTree = "<group>"; };
		B10095 /* PerAppProxySettings.swift */ = {isa = PBXFileReference; lastKnownFileType = sourcecode.swift; path = PerAppProxySettings.swift; sourceTree = "<group>"; };
		B10096 /* PerAppProxySection.swift */ = {isa = PBXFileReference; lastKnownFileType = sourcecode.swift; path = PerAppProxySection.swift; sourceTree = "<group>"; };
		B10100 /* Localizable.xcstrings */ = {isa = PBXFileReference; lastKnownFileType = text.json.xcstrings; path = Localizable.xcstrings; sourceTree = "<group>"; };
		B10101 /* InfoPlist.xcstrings */ = {isa = PBXFileReference; lastKnownFileType = text.json.xcstrings; path = InfoPlist.xcstrings; sourceTree = "<group>"; };
		B10200 /* SubscriptionModels.swift */ = {isa = PBXFileReference; lastKnownFileType = sourcecode.swift; path = SubscriptionModels.swift; sourceTree = "<group>"; };
		B10202 /* NodeRow.swift */ = {isa = PBXFileReference; lastKnownFileType = sourcecode.swift; path = NodeRow.swift; sourceTree = "<group>"; };
		B10204 /* MainContentView.swift */ = {isa = PBXFileReference; lastKnownFileType = sourcecode.swift; path = MainContentView.swift; sourceTree = "<group>"; };
		B10206 /* SidebarView.swift */ = {isa = PBXFileReference; lastKnownFileType = sourcecode.swift; path = SidebarView.swift; sourceTree = "<group>"; };
		B10208 /* VPNToolbarContent.swift */ = {isa = PBXFileReference; lastKnownFileType = sourcecode.swift; path = VPNToolbarContent.swift; sourceTree = "<group>"; };
		B10210 /* ProxiesResult.swift */ = {isa = PBXFileReference; lastKnownFileType = sourcecode.swift; path = ProxiesResult.swift; sourceTree = "<group>"; };
		B10211 /* ProxyGroupsViewModel.swift */ = {isa = PBXFileReference; lastKnownFileType = sourcecode.swift; path = ProxyGroupsViewModel.swift; sourceTree = "<group>"; };
		B10212 /* ProxyGroupsSection.swift */ = {isa = PBXFileReference; lastKnownFileType = sourcecode.swift; path = ProxyGroupsSection.swift; sourceTree = "<group>"; };
		B10400 /* SOCKS5Client.swift */ = {isa = PBXFileReference; lastKnownFileType = sourcecode.swift; path = SOCKS5Client.swift; sourceTree = "<group>"; };
		BC66D0E2316E3C0B3B4A74B8 /* ThemeTransitionManager.swift */ = {isa = PBXFileReference; includeInIndex = 1; lastKnownFileType = sourcecode.swift; path = ThemeTransitionManager.swift; sourceTree = "<group>"; };
		EEB4B615F35B5B3D01F6349F /* GoogleService-Info.plist */ = {isa = PBXFileReference; includeInIndex = 1; lastKnownFileType = text.plist.xml; path = "GoogleService-Info.plist"; sourceTree = "<group>"; };
		FB4EA83E008CADD33B1EA399 /* ServerConfig.swift */ = {isa = PBXFileReference; includeInIndex = 1; lastKnownFileType = sourcecode.swift; path = ServerConfig.swift; sourceTree = "<group>"; };
		GEO001 /* geoip.metadb */ = {isa = PBXFileReference; lastKnownFileType = text; path = geoip.metadb; sourceTree = "<group>"; };
		GEO003 /* geosite.dat */ = {isa = PBXFileReference; lastKnownFileType = text; path = geosite.dat; sourceTree = "<group>"; };
		T10007 /* PerAppProxySettingsTests.swift */ = {isa = PBXFileReference; lastKnownFileType = sourcecode.swift; path = PerAppProxySettingsTests.swift; sourceTree = "<group>"; };
		T10010 /* BaoLianDengTests.xctest */ = {isa = PBXFileReference; explicitFileType = wrapper.cfbundle; includeInIndex = 0; path = BaoLianDengTests.xctest; sourceTree = BUILT_PRODUCTS_DIR; };
		T10021 /* BypassGroupDetectionTests.swift */ = {isa = PBXFileReference; lastKnownFileType = sourcecode.swift; path = BypassGroupDetectionTests.swift; sourceTree = "<group>"; };
		T10030 /* ConfigParserTests.swift */ = {isa = PBXFileReference; lastKnownFileType = sourcecode.swift; path = ConfigParserTests.swift; sourceTree = "<group>"; };
		T10032 /* SingBoxCoreIntegrationTests.swift */ = {isa = PBXFileReference; lastKnownFileType = sourcecode.swift; path = SingBoxCoreIntegrationTests.swift; sourceTree = "<group>"; };
		T10034 /* MihomoAPITests.swift */ = {isa = PBXFileReference; lastKnownFileType = sourcecode.swift; path = MihomoAPITests.swift; sourceTree = "<group>"; };
		T10040 /* ProxyEngineIntegrationTests.swift */ = {isa = PBXFileReference; lastKnownFileType = sourcecode.swift; path = ProxyEngineIntegrationTests.swift; sourceTree = "<group>"; };
		T10044 /* TestConfigs.swift */ = {isa = PBXFileReference; lastKnownFileType = sourcecode.swift; path = TestConfigs.swift; sourceTree = "<group>"; };
		T10046 /* ProxyEngineHelper.swift */ = {isa = PBXFileReference; lastKnownFileType = sourcecode.swift; path = ProxyEngineHelper.swift; sourceTree = "<group>"; };
/* End PBXFileReference section */

/* Begin PBXFrameworksBuildPhase section */
		39636CADF2B14F90572D122D /* Frameworks */ = {
			isa = PBXFrameworksBuildPhase;
			buildActionMask = 2147483647;
			files = (
				F6951B7026A9ABC83EB7A583 /* Cocoa.framework in Frameworks */,
				1192B4E07CB73CE52B73397A /* NetworkExtension.framework in Frameworks */,
				C715B3A41E6034141A9329BE /* SingBoxCore.xcframework in Frameworks */,
				599CCDA2D5B238AF73EDF62D /* Yams in Frameworks */,
				229817DC4FF5F4C1B505EA5B /* FirebaseCore in Frameworks */,
				DFE148A5A01ECFEC5A64770A /* FirebaseAnalytics in Frameworks */,
				285CADD9EA77AC7AFB8A182A /* FirebaseCrashlytics in Frameworks */,
			);
			runOnlyForDeploymentPostprocessing = 0;
		};
		T10006 /* Frameworks */ = {
			isa = PBXFrameworksBuildPhase;
			buildActionMask = 2147483647;
			files = (
			);
			runOnlyForDeploymentPostprocessing = 0;
		};
/* End PBXFrameworksBuildPhase section */

/* Begin PBXGroup section */
		4A2B7C26C715749C1D881EAC /* OS X */ = {
			isa = PBXGroup;
			children = (
				4E02415D2E45FB235C0EF142 /* Cocoa.framework */,
			);
			name = "OS X";
			sourceTree = "<group>";
		};
		8187F3BB8FCEA36AC93E802C /* TransparentProxyMac */ = {
			isa = PBXGroup;
			children = (
				720E19EEF39E6C95A95649DA /* TransparentProxyMac.entitlements */,
				809DB4CA51000087EE0949AF /* Info.plist */,
				GEO001 /* geoip.metadb */,
				GEO003 /* geosite.dat */,
			);
			path = TransparentProxyMac;
			sourceTree = "<group>";
		};
		G10001 = {
			isa = PBXGroup;
			children = (
				B10070 /* Local.xcconfig */,
				G10002 /* BaoLianDeng */,
				T10009 /* BaoLianDengTests */,
				G10003 /* TransparentProxy */,
				G10004 /* Shared */,
				G10005 /* Framework */,
				G10006 /* Frameworks */,
				G10007 /* Products */,
				8187F3BB8FCEA36AC93E802C /* TransparentProxyMac */,
				881BF3538A657F9F7F3951E8 /* main.swift */,
			);
			sourceTree = "<group>";
		};
		G10002 /* BaoLianDeng */ = {
			isa = PBXGroup;
			children = (
				B10001 /* BaoLianDengApp.swift */,
				B10011 /* Info.plist */,
				B10012 /* BaoLianDeng.entitlements */,
				B10010 /* Assets.xcassets */,
				B10100 /* Localizable.xcstrings */,
				B10101 /* InfoPlist.xcstrings */,
				G10009 /* Models */,
				G10008 /* Views */,
				EEB4B615F35B5B3D01F6349F /* GoogleService-Info.plist */,
			);
			path = BaoLianDeng;
			sourceTree = "<group>";
		};
		G10003 /* TransparentProxy */ = {
			isa = PBXGroup;
			children = (
				B10020 /* TransparentProxyProvider.swift */,
				B10021 /* UDPNATRelay.swift */,
				B10400 /* SOCKS5Client.swift */,
			);
			path = TransparentProxy;
			sourceTree = "<group>";
		};
		G10004 /* Shared */ = {
			isa = PBXGroup;
			children = (
				B10090 /* AppLogger.swift */,
				B10007 /* Constants.swift */,
				B10008 /* ConfigManager.swift */,
				B10095 /* PerAppProxySettings.swift */,
				B10009 /* VPNManager.swift */,
				1A053B0CAFA2320C22F74E32 /* NodeStore.swift */,
				FB4EA83E008CADD33B1EA399 /* ServerConfig.swift */,
				24746F60D9BCB5E2C09BF975 /* SingBoxConfigBuilder.swift */,
			);
			path = Shared;
			sourceTree = "<group>";
		};
		G10005 /* Framework */ = {
			isa = PBXGroup;
			children = (
				B10030 /* SingBoxCore.xcframework */,
			);
			path = Framework;
			sourceTree = "<group>";
		};
		G10006 /* Frameworks */ = {
			isa = PBXGroup;
			children = (
				B10040 /* NetworkExtension.framework */,
				4A2B7C26C715749C1D881EAC /* OS X */,
				9677D8DCB6006F09D5E716D6 /* SystemExtensions.framework */,
			);
			name = Frameworks;
			sourceTree = "<group>";
		};
		G10007 /* Products */ = {
			isa = PBXGroup;
			children = (
				259DB0A8D1BC3A31D635256A /* TransparentProxy.systemextension */,
				8A37D4B4A6176DB152B15D42 /* BaoLianDeng.app */,
				T10010 /* BaoLianDengTests.xctest */,
			);
			name = Products;
			sourceTree = "<group>";
		};
		G10008 /* Views */ = {
			isa = PBXGroup;
			children = (
				B10002 /* HomeView.swift */,
				B10003 /* TrafficView.swift */,
				B10004 /* ConfigEditorView.swift */,
				B10006 /* AboutView.swift */,
				B10035 /* TunnelLogView.swift */,
				B10050 /* SettingsView.swift */,
				B10051 /* YAMLEditor.swift */,
				B10053 /* YAMLHighlighter.swift */,
				B10096 /* PerAppProxySection.swift */,
				B10200 /* SubscriptionModels.swift */,
				B10202 /* NodeRow.swift */,
				B10204 /* MainContentView.swift */,
				B10206 /* SidebarView.swift */,
				B10208 /* VPNToolbarContent.swift */,
				B10066 /* ConnectionsView.swift */,
				B10068 /* DiagnosticsView.swift */,
				B10212 /* ProxyGroupsSection.swift */,
				AF3641A3BFF4C93539B54A76 /* NodeRowView.swift */,
				18B6FC00DFD84EA5B51CDF28 /* MiniWindowView.swift */,
				9F9E00BA0A087B37991EB77E /* AddNodeView.swift */,
				5ACB2E6DD53E60FE336E02EA /* RequestsModel.swift */,
				3E74C7B348318AF51B7A8447 /* RequestsView.swift */,
				8FBB3E7758661ED0BFD20F0B /* SwellServersView.swift */,
				5482672E28D06A938A6730B9 /* SwellConnectionsView.swift */,
				BC66D0E2316E3C0B3B4A74B8 /* ThemeTransitionManager.swift */,
				87D1F51F0E0EA4FB47116C15 /* RoutingRulesView.swift */,
				3EC2CD2C4EA8ACFC6C1F5B82 /* RoutingRulesView.swift */,
				4E8A9C81E0F7C6C4598F8E10 /* ImportNodeView.swift */,
			);
			path = Views;
			sourceTree = "<group>";
		};
		G10009 /* Models */ = {
			isa = PBXGroup;
			children = (
				B10062 /* MihomoAPI.swift */,
				B10060 /* TrafficStore.swift */,
				B10210 /* ProxiesResult.swift */,
				B10211 /* ProxyGroupsViewModel.swift */,
				8B482F938736B7D098B3302B /* RoutingManager.swift */,
				3660E3957E409F6E69CD6A05 /* RoutingManager.swift */,
			);
			path = Models;
			sourceTree = "<group>";
		};
		T10009 /* BaoLianDengTests */ = {
			isa = PBXGroup;
			children = (
				T10050 /* Utilities */,
				T10007 /* PerAppProxySettingsTests.swift */,
				T10021 /* BypassGroupDetectionTests.swift */,
				T10030 /* ConfigParserTests.swift */,
				T10032 /* SingBoxCoreIntegrationTests.swift */,
				T10034 /* MihomoAPITests.swift */,
				T10040 /* ProxyEngineIntegrationTests.swift */,
			);
			path = BaoLianDengTests;
			sourceTree = "<group>";
		};
		T10050 /* Utilities */ = {
			isa = PBXGroup;
			children = (
				T10044 /* TestConfigs.swift */,
				T10046 /* ProxyEngineHelper.swift */,
			);
			path = Utilities;
			sourceTree = "<group>";
		};
/* End PBXGroup section */

/* Begin PBXNativeTarget section */
		F66874266FF58B2DD8903C6E /* BaoLianDeng */ = {
			isa = PBXNativeTarget;
			buildConfigurationList = 3EC5C41D1A2FE093C1B264E2 /* Build configuration list for PBXNativeTarget "BaoLianDeng" */;
			buildPhases = (
				060D40C4E0CDCA287A6C09A8 /* Sources */,
				39636CADF2B14F90572D122D /* Frameworks */,
				85C1707622B3DE6CF260E736 /* Resources */,
			);
			buildRules = (
			);
			dependencies = (
				DA703E0CEAA502F686AA37BF /* PBXTargetDependency */,
			);
			name = BaoLianDeng;
			packageProductDependencies = (
				26E740A797906E5C84A95212 /* Yams */,
				1C7E7C8B9AB9C840397D6E5B /* FirebaseCore */,
				BD949DF6CA3380988A939F26 /* FirebaseAnalytics */,
				2C3845EF76797DFD11D5207E /* FirebaseCrashlytics */,
			);
			productName = BaoLianDeng;
			productReference = 8A37D4B4A6176DB152B15D42 /* BaoLianDeng.app */;
			productType = "com.apple.product-type.application";
		};
		T10001 /* BaoLianDengTests */ = {
			isa = PBXNativeTarget;
			buildConfigurationList = T10002 /* Build configuration list for PBXNativeTarget "BaoLianDengTests" */;
			buildPhases = (
				T10005 /* Sources */,
				T10006 /* Frameworks */,
			);
			buildRules = (
			);
			dependencies = (
				T10012 /* PBXTargetDependency */,
			);
			name = BaoLianDengTests;
			productName = BaoLianDengTests;
			productReference = T10010 /* BaoLianDengTests.xctest */;
			productType = "com.apple.product-type.bundle.unit-test";
		};
/* End PBXNativeTarget section */

/* Begin PBXProject section */
		E10001 /* Project object */ = {
			isa = PBXProject;
			attributes = {
				BuildIndependentTargetsInParallel = 1;
				LastSwiftUpdateCheck = 1540;
				LastUpgradeCheck = 1540;
			};
			buildConfigurationList = X10003 /* Build configuration list for PBXProject "BaoLianDeng" */;
			compatibilityVersion = "Xcode 14.0";
			developmentRegion = en;
			hasScannedForEncodings = 0;
			knownRegions = (
				en,
				Base,
				"zh-Hans",
			);
			mainGroup = G10001;
			packageReferences = (
				YMS0001 /* XCRemoteSwiftPackageReference "Yams" */,
				38A424D3E90991ED0F5F3862 /* XCRemoteSwiftPackageReference "firebase-ios-sdk" */,
			);
			productRefGroup = G10007 /* Products */;
			projectDirPath = "";
			projectRoot = "";
			targets = (
				F66874266FF58B2DD8903C6E /* BaoLianDeng */,
				T10001 /* BaoLianDengTests */,
			);
		};
/* End PBXProject section */

/* Begin PBXResourcesBuildPhase section */
		85C1707622B3DE6CF260E736 /* Resources */ = {
			isa = PBXResourcesBuildPhase;
			buildActionMask = 2147483647;
			files = (
				9161E23D345558ED5649452F /* Assets.xcassets in Resources */,
				L10100 /* Localizable.xcstrings in Resources */,
				L10101 /* InfoPlist.xcstrings in Resources */,
			);
			runOnlyForDeploymentPostprocessing = 0;
		};
/* End PBXResourcesBuildPhase section */

/* Begin PBXSourcesBuildPhase section */
		060D40C4E0CDCA287A6C09A8 /* Sources */ = {
			isa = PBXSourcesBuildPhase;
			buildActionMask = 2147483647;
			files = (
				DFFA836A5DFCC6D3BFF95EB6 /* BaoLianDengApp.swift in Sources */,
				45FA5D0C3EA6EE814F43E891 /* HomeView.swift in Sources */,
				4EF53DE64A844C44957E6CBA /* MiniWindowView.swift in Sources */,
				489D78A7BFE5597B42E4C447 /* TrafficView.swift in Sources */,
				5F1DE7E22A0EE243182E400A /* AboutView.swift in Sources */,
				AC0B915E8C1239813ABF4AB7 /* TunnelLogView.swift in Sources */,
				7D0DED107502CFFD6FA1D952 /* SettingsView.swift in Sources */,
				6A3F8B2C7D1E4A059C82E0F1 /* YAMLHighlighter.swift in Sources */,
				A9840B29BC5EC55F29F0BA38 /* TrafficStore.swift in Sources */,
				B10063 /* MihomoAPI.swift in Sources */,
				B10064 /* ProxiesResult.swift in Sources */,
				B10065 /* ProxyGroupsViewModel.swift in Sources */,
				B10071 /* ProxyGroupsSection.swift in Sources */,
				B10067 /* ConnectionsView.swift in Sources */,
				C3DAB7AB1483CF34E41BAAFB /* AppLogger.swift in Sources */,
				D28CFAAD4562ECF087671BE7 /* Constants.swift in Sources */,
				8D9BF44D7D340ADB5C09AEF9 /* VPNManager.swift in Sources */,
				A1B2C3D4E5F60718293A4B5C /* PerAppProxySettings.swift in Sources */,
				A1B2C3D4E5F60718293A4B5E /* PerAppProxySection.swift in Sources */,
				B10201 /* SubscriptionModels.swift in Sources */,
				B10203 /* NodeRow.swift in Sources */,
				B10205 /* MainContentView.swift in Sources */,
				B10207 /* SidebarView.swift in Sources */,
				B10209 /* VPNToolbarContent.swift in Sources */,
				2A9F49803B8561D4A2C5D511 /* NodeStore.swift in Sources */,
				9B97CB6340BCD94E7A9B2483 /* ServerConfig.swift in Sources */,
				3E65786BB4F981795EAD07A4 /* SingBoxConfigBuilder.swift in Sources */,
				FDA9523FABA04D4E8D647155 /* NodeRowView.swift in Sources */,
				D07947F177D3B6FC32BDEF93 /* AddNodeView.swift in Sources */,
				6C6100A910718708581677C4 /* RequestsModel.swift in Sources */,
				7DFC41530980AED403A5B0F1 /* RequestsView.swift in Sources */,
				7D3827AF90B09E5671AD2E4B /* SwellServersView.swift in Sources */,
				5ED3E2049A8B41ADEA39E760 /* SwellConnectionsView.swift in Sources */,
				C88D907757716C4C6DF1F8C2 /* ThemeTransitionManager.swift in Sources */,
				435DBE74940678C57AF2E624 /* RoutingManager.swift in Sources */,
				7DA7B7C834303668AFEA095A /* RoutingRulesView.swift in Sources */,
				FFAF71BAEDB8197098F83E5F /* ImportNodeView.swift in Sources */,
			);
			runOnlyForDeploymentPostprocessing = 0;
		};
		T10005 /* Sources */ = {
			isa = PBXSourcesBuildPhase;
			buildActionMask = 2147483647;
			files = (
				T10008 /* PerAppProxySettingsTests.swift in Sources */,
				T10022 /* BypassGroupDetectionTests.swift in Sources */,
				T10031 /* ConfigParserTests.swift in Sources */,
				T10033 /* SingBoxCoreIntegrationTests.swift in Sources */,
				T10035 /* MihomoAPITests.swift in Sources */,
				T10041 /* ProxyEngineIntegrationTests.swift in Sources */,
				T10045 /* TestConfigs.swift in Sources */,
				T10047 /* ProxyEngineHelper.swift in Sources */,
			);
			runOnlyForDeploymentPostprocessing = 0;
		};
/* End PBXSourcesBuildPhase section */

/* Begin PBXTargetDependency section */
		DA703E0CEAA502F686AA37BF /* PBXTargetDependency */ = {
			isa = PBXTargetDependency;
			name = TransparentProxy;
			targetProxy = 1536C2A90777E05354ED602F /* PBXContainerItemProxy */;
		};
		T10012 /* PBXTargetDependency */ = {
			isa = PBXTargetDependency;
			name = BaoLianDeng;
			target = F66874266FF58B2DD8903C6E /* BaoLianDeng */;
			targetProxy = T10011 /* PBXContainerItemProxy */;
		};
/* End PBXTargetDependency section */

/* Begin XCBuildConfiguration section */
		51D5A9072314B0B4FE0F84C8 /* Release */ = {
			isa = XCBuildConfiguration;
			baseConfigurationReference = B10070 /* Local.xcconfig */;
			buildSettings = {
				ASSETCATALOG_COMPILER_APPICON_NAME = AppIcon;
				ASSETCATALOG_COMPILER_GLOBAL_ACCENT_COLOR_NAME = AccentColor;
				CODE_SIGN_ENTITLEMENTS = BaoLianDeng/BaoLianDeng.entitlements;
				CODE_SIGN_IDENTITY = "Apple Development";
				CODE_SIGN_INJECT_BASE_ENTITLEMENTS = NO;
				CODE_SIGN_STYLE = Automatic;
				COMBINE_HIDPI_IMAGES = YES;
				CURRENT_PROJECT_VERSION = 63;
				DEVELOPMENT_TEAM = 2SYQB4HWA2;
				ENABLE_HARDENED_RUNTIME = YES;
				FRAMEWORK_SEARCH_PATHS = (
					"$(inherited)",
					"$(PROJECT_DIR)/Framework",
				);
				GENERATE_INFOPLIST_FILE = NO;
				INFOPLIST_FILE = BaoLianDeng/Info.plist;
				LD_RUNPATH_SEARCH_PATHS = (
					"$(inherited)",
					"@executable_path/../Frameworks",
				);
				MACOSX_DEPLOYMENT_TARGET = 14.0;
				MARKETING_VERSION = 5.5;
				OTHER_LDFLAGS = (
					"-lresolv",
					"-ObjC",
				);
				PRODUCT_BUNDLE_IDENTIFIER = io.github.swellproxy.macos;
				PRODUCT_NAME = "Swell Proxy";
				SDKROOT = macosx;
				SWIFT_EMIT_LOC_STRINGS = YES;
				SWIFT_VERSION = 5.0;
			};
			name = Release;
		};
		E9D48DA79572E3916C0F3AEF /* Debug */ = {
			isa = XCBuildConfiguration;
			baseConfigurationReference = B10070 /* Local.xcconfig */;
			buildSettings = {
				ASSETCATALOG_COMPILER_APPICON_NAME = AppIcon;
				ASSETCATALOG_COMPILER_GLOBAL_ACCENT_COLOR_NAME = AccentColor;
				CODE_SIGN_ENTITLEMENTS = BaoLianDeng/BaoLianDeng.entitlements;
				CODE_SIGN_IDENTITY = "Apple Development";
				CODE_SIGN_INJECT_BASE_ENTITLEMENTS = NO;
				CODE_SIGN_STYLE = Automatic;
				COMBINE_HIDPI_IMAGES = YES;
				CURRENT_PROJECT_VERSION = 105;
				DEVELOPMENT_TEAM = 2SYQB4HWA2;
				ENABLE_HARDENED_RUNTIME = YES;
				FRAMEWORK_SEARCH_PATHS = (
					"$(inherited)",
					"$(PROJECT_DIR)/Framework",
				);
				GENERATE_INFOPLIST_FILE = NO;
				INFOPLIST_FILE = BaoLianDeng/Info.plist;
				LD_RUNPATH_SEARCH_PATHS = (
					"$(inherited)",
					"@executable_path/../Frameworks",
				);
				MACOSX_DEPLOYMENT_TARGET = 14.0;
				MARKETING_VERSION = 5.5;
				OTHER_LDFLAGS = (
					"-lresolv",
					"-ObjC",
				);
				PRODUCT_BUNDLE_IDENTIFIER = io.github.swellproxy.macos;
				PRODUCT_NAME = "Swell Proxy";
				SDKROOT = macosx;
				SWIFT_EMIT_LOC_STRINGS = YES;
				SWIFT_VERSION = 5.0;
			};
			name = Debug;
		};
		T10003 /* Debug */ = {
			isa = XCBuildConfiguration;
			buildSettings = {
				BUNDLE_LOADER = "$(TEST_HOST)";
				CODE_SIGN_IDENTITY = "Apple Development";
				CODE_SIGN_STYLE = Automatic;
				GENERATE_INFOPLIST_FILE = YES;
				MACOSX_DEPLOYMENT_TARGET = 14.0;
				PRODUCT_BUNDLE_IDENTIFIER = io.github.swellproxy.macos.tests;
				PRODUCT_NAME = "$(TARGET_NAME)";
				SDKROOT = macosx;
				SWIFT_EMIT_LOC_STRINGS = NO;
				SWIFT_VERSION = 5.0;
				TEST_HOST = "$(BUILT_PRODUCTS_DIR)/Swell Proxy.app/Contents/MacOS/Swell Proxy";
			};
			name = Debug;
		};
		T10004 /* Release */ = {
			isa = XCBuildConfiguration;
			buildSettings = {
				BUNDLE_LOADER = "$(TEST_HOST)";
				CODE_SIGN_IDENTITY = "Apple Development";
				CODE_SIGN_STYLE = Automatic;
				GENERATE_INFOPLIST_FILE = YES;
				MACOSX_DEPLOYMENT_TARGET = 14.0;
				PRODUCT_BUNDLE_IDENTIFIER = io.github.swellproxy.macos.tests;
				PRODUCT_NAME = "$(TARGET_NAME)";
				SDKROOT = macosx;
				SWIFT_EMIT_LOC_STRINGS = NO;
				SWIFT_VERSION = 5.0;
				TEST_HOST = "$(BUILT_PRODUCTS_DIR)/Swell Proxy.app/Contents/MacOS/Swell Proxy";
			};
			name = Release;
		};
		Y10001 /* Debug */ = {
			isa = XCBuildConfiguration;
			baseConfigurationReference = B10070 /* Local.xcconfig */;
			buildSettings = {
				ALWAYS_SEARCH_USER_PATHS = NO;
				ASSETCATALOG_COMPILER_GENERATE_SWIFT_ASSET_SYMBOL_EXTENSIONS = YES;
				CLANG_ANALYZER_NONNULL = YES;
				CLANG_CXX_LANGUAGE_STANDARD = "gnu++20";
				CLANG_ENABLE_MODULES = YES;
				CLANG_ENABLE_OBJC_ARC = YES;
				COPY_PHASE_STRIP = NO;
				DEBUG_INFORMATION_FORMAT = dwarf;
				ENABLE_STRICT_OBJC_MSGSEND = YES;
				ENABLE_TESTABILITY = YES;
				GCC_DYNAMIC_NO_PIC = NO;
				GCC_OPTIMIZATION_LEVEL = 0;
				GCC_PREPROCESSOR_DEFINITIONS = (
					"DEBUG=1",
					"$(inherited)",
				);
				GCC_WARN_ABOUT_RETURN_TYPE = YES_ERROR;
				GCC_WARN_UNINITIALIZED_AUTOS = YES_AGGRESSIVE;
				MACOSX_DEPLOYMENT_TARGET = 14.0;
				MTL_ENABLE_DEBUG_INFO = INCLUDE_SOURCE;
				ONLY_ACTIVE_ARCH = YES;
				SDKROOT = macosx;
				SWIFT_ACTIVE_COMPILATION_CONDITIONS = "$(inherited) DEBUG";
				SWIFT_OPTIMIZATION_LEVEL = "-Onone";
			};
			name = Debug;
		};
		Y10002 /* Release */ = {
			isa = XCBuildConfiguration;
			baseConfigurationReference = B10070 /* Local.xcconfig */;
			buildSettings = {
				ALWAYS_SEARCH_USER_PATHS = NO;
				ASSETCATALOG_COMPILER_GENERATE_SWIFT_ASSET_SYMBOL_EXTENSIONS = YES;
				CLANG_ANALYZER_NONNULL = YES;
				CLANG_CXX_LANGUAGE_STANDARD = "gnu++20";
				CLANG_ENABLE_MODULES = YES;
				CLANG_ENABLE_OBJC_ARC = YES;
				COPY_PHASE_STRIP = NO;
				DEBUG_INFORMATION_FORMAT = "dwarf-with-dsym";
				ENABLE_NS_ASSERTIONS = NO;
				ENABLE_STRICT_OBJC_MSGSEND = YES;
				GCC_WARN_ABOUT_RETURN_TYPE = YES_ERROR;
				GCC_WARN_UNINITIALIZED_AUTOS = YES_AGGRESSIVE;
				MACOSX_DEPLOYMENT_TARGET = 14.0;
				MTL_ENABLE_DEBUG_INFO = NO;
				SDKROOT = macosx;
				SWIFT_COMPILATION_MODE = wholemodule;
				VALIDATE_PRODUCT = YES;
			};
			name = Release;
		};
/* End XCBuildConfiguration section */

/* Begin XCConfigurationList section */
		3EC5C41D1A2FE093C1B264E2 /* Build configuration list for PBXNativeTarget "BaoLianDeng" */ = {
			isa = XCConfigurationList;
			buildConfigurations = (
				51D5A9072314B0B4FE0F84C8 /* Release */,
				E9D48DA79572E3916C0F3AEF /* Debug */,
			);
			defaultConfigurationIsVisible = 0;
			defaultConfigurationName = Release;
		};
		T10002 /* Build configuration list for PBXNativeTarget "BaoLianDengTests" */ = {
			isa = XCConfigurationList;
			buildConfigurations = (
				T10003 /* Debug */,
				T10004 /* Release */,
			);
			defaultConfigurationIsVisible = 0;
			defaultConfigurationName = Debug;
		};
		X10003 /* Build configuration list for PBXProject "BaoLianDeng" */ = {
			isa = XCConfigurationList;
			buildConfigurations = (
				Y10001 /* Debug */,
				Y10002 /* Release */,
			);
			defaultConfigurationIsVisible = 0;
			defaultConfigurationName = Release;
		};
/* End XCConfigurationList section */

/* Begin XCRemoteSwiftPackageReference section */
		38A424D3E90991ED0F5F3862 /* XCRemoteSwiftPackageReference "firebase-ios-sdk" */ = {
			isa = XCRemoteSwiftPackageReference;
			repositoryURL = "https://github.com/firebase/firebase-ios-sdk";
			requirement = {
				kind = upToNextMajorVersion;
				minimumVersion = 11.0.0;
			};
		};
		YMS0001 /* XCRemoteSwiftPackageReference "Yams" */ = {
			isa = XCRemoteSwiftPackageReference;
			repositoryURL = "https://github.com/jpsim/Yams.git";
			requirement = {
				kind = upToNextMajorVersion;
				minimumVersion = 5.0.0;
			};
		};
/* End XCRemoteSwiftPackageReference section */

/* Begin XCSwiftPackageProductDependency section */
		1C7E7C8B9AB9C840397D6E5B /* FirebaseCore */ = {
			isa = XCSwiftPackageProductDependency;
			package = 38A424D3E90991ED0F5F3862 /* XCRemoteSwiftPackageReference "firebase-ios-sdk" */;
			productName = FirebaseCore;
		};
		26E740A797906E5C84A95212 /* Yams */ = {
			isa = XCSwiftPackageProductDependency;
			package = YMS0001 /* XCRemoteSwiftPackageReference "Yams" */;
			productName = Yams;
		};
		2C3845EF76797DFD11D5207E /* FirebaseCrashlytics */ = {
			isa = XCSwiftPackageProductDependency;
			package = 38A424D3E90991ED0F5F3862 /* XCRemoteSwiftPackageReference "firebase-ios-sdk" */;
			productName = FirebaseCrashlytics;
		};
		BD949DF6CA3380988A939F26 /* FirebaseAnalytics */ = {
			isa = XCSwiftPackageProductDependency;
			package = 38A424D3E90991ED0F5F3862 /* XCRemoteSwiftPackageReference "firebase-ios-sdk" */;
			productName = FirebaseAnalytics;
		};
/* End XCSwiftPackageProductDependency section */
	};
	rootObject = E10001 /* Project object */;
}
